
Microsoft Visual Studio Solution File, Format Version 12.00
Project("{FAE04EC0-301F-11D3-BF4B-00C04F79EFBC}") = "Lib", "src\Lib\Lib.csproj", "{4E1A3886-E591-45E0-B0B3-D41286302B13}"
EndProject
Project("{FAE04EC0-301F-11D3-BF4B-00C04F79EFBC}") = "Test", "test\Test\Test.csproj", "{6EC33968-04CF-4AC4-B2FC-F319892DA456}"
EndProject
Global
	GlobalSection(SolutionConfigurationPlatforms) = preSolution
		Debug|Any CPU = Debug|Any CPU
		Release|Any CPU = Release|Any CPU
	EndGlobalSection
	GlobalSection(ProjectConfigurationPlatforms) = postSolution
		{4E1A3886-E591-45E0-B0B3-D41286302B13}.Debug|Any CPU.ActiveCfg = Debug|Any CPU
		{4E1A3886-E591-45E0-B0B3-D41286302B13}.Debug|Any CPU.Build.0 = Debug|Any CPU
		{4E1A3886-E591-45E0-B0B3-D41286302B13}.Release|Any CPU.ActiveCfg = Release|Any CPU
		{4E1A3886-E591-45E0-B0B3-D41286302B13}.Release|Any CPU.Build.0 = Release|Any CPU
		{6EC33968-04CF-4AC4-B2FC-F319892DA456}.Debug|Any CPU.ActiveCfg = Debug|Any CPU
		{6EC33968-04CF-4AC4-B2FC-F319892DA456}.Debug|Any CPU.Build.0 = Debug|Any CPU
		{6EC33968-04CF-4AC4-B2FC-F319892DA456}.Release|Any CPU.ActiveCfg = Release|Any CPU
		{6EC33968-04CF-4AC4-B2FC-F319892DA456}.Release|Any CPU.Build.0 = Release|Any CPU
	EndGlobalSection
EndGlobal
